
Microsoft Visual Studio Solution File, Format Version 12.00
# Visual Studio Version 17
VisualStudioVersion = 17.9.34902.65
MinimumVisualStudioVersion = 10.0.40219.1
Project("{9A19103F-16F7-4668-BE54-9A1E7A4F7556}") = "ApiGateway", "ApiGateway\ApiGateway.csproj", "{7884FBFF-6D4F-40CD-8CCA-FF40C6B042E4}"
EndProject
Project("{9A19103F-16F7-4668-BE54-9A1E7A4F7556}") = "CShop", "CShop\CShop.csproj", "{7A58481F-DE30-4638-99BC-F426DCF6A89D}"
EndProject
Project("{9A19103F-16F7-4668-BE54-9A1E7A4F7556}") = "CCinemal", "CCinemal\CCinemal.csproj", "{E5BCEED2-99A2-42D8-95E7-634FB23ECD75}"
EndProject
Project("{9A19103F-16F7-4668-BE54-9A1E7A4F7556}") = "CIdentity", "CIdentity\CIdentity.csproj", "{F613C93B-FBB8-491E-9058-2E8A6BA39EAA}"
EndProject
Project("{9A19103F-16F7-4668-BE54-9A1E7A4F7556}") = "WebSocket", "WebSocket\WebSocket.csproj", "{15220DBE-7909-4DD7-B978-47331E983B2C}"
EndProject
Project("{FAE04EC0-301F-11D3-BF4B-00C04F79EFBC}") = "Chat", "Chat\Chat.csproj", "{E86FCAB2-D029-45E4-AA22-42E2AEA25CCB}"
EndProject
Global
	GlobalSection(SolutionConfigurationPlatforms) = preSolution
		Debug|Any CPU = Debug|Any CPU
		Release|Any CPU = Release|Any CPU
	EndGlobalSection
	GlobalSection(ProjectConfigurationPlatforms) = postSolution
		{7884FBFF-6D4F-40CD-8CCA-FF40C6B042E4}.Debug|Any CPU.ActiveCfg = Debug|Any CPU
		{7884FBFF-6D4F-40CD-8CCA-FF40C6B042E4}.Debug|Any CPU.Build.0 = Debug|Any CPU
		{7884FBFF-6D4F-40CD-8CCA-FF40C6B042E4}.Release|Any CPU.ActiveCfg = Release|Any CPU
		{7884FBFF-6D4F-40CD-8CCA-FF40C6B042E4}.Release|Any CPU.Build.0 = Release|Any CPU
		{7A58481F-DE30-4638-99BC-F426DCF6A89D}.Debug|Any CPU.ActiveCfg = Debug|Any CPU
		{7A58481F-DE30-4638-99BC-F426DCF6A89D}.Debug|Any CPU.Build.0 = Debug|Any CPU
		{7A58481F-DE30-4638-99BC-F426DCF6A89D}.Release|Any CPU.ActiveCfg = Release|Any CPU
		{7A58481F-DE30-4638-99BC-F426DCF6A89D}.Release|Any CPU.Build.0 = Release|Any CPU
		{E5BCEED2-99A2-42D8-95E7-634FB23ECD75}.Debug|Any CPU.ActiveCfg = Debug|Any CPU
		{E5BCEED2-99A2-42D8-95E7-634FB23ECD75}.Debug|Any CPU.Build.0 = Debug|Any CPU
		{E5BCEED2-99A2-42D8-95E7-634FB23ECD75}.Release|Any CPU.ActiveCfg = Release|Any CPU
		{E5BCEED2-99A2-42D8-95E7-634FB23ECD75}.Release|Any CPU.Build.0 = Release|Any CPU
		{F613C93B-FBB8-491E-9058-2E8A6BA39EAA}.Debug|Any CPU.ActiveCfg = Debug|Any CPU
		{F613C93B-FBB8-491E-9058-2E8A6BA39EAA}.Debug|Any CPU.Build.0 = Debug|Any CPU
		{F613C93B-FBB8-491E-9058-2E8A6BA39EAA}.Release|Any CPU.ActiveCfg = Release|Any CPU
		{F613C93B-FBB8-491E-9058-2E8A6BA39EAA}.Release|Any CPU.Build.0 = Release|Any CPU
		{15220DBE-7909-4DD7-B978-47331E983B2C}.Debug|Any CPU.ActiveCfg = Debug|Any CPU
		{15220DBE-7909-4DD7-B978-47331E983B2C}.Debug|Any CPU.Build.0 = Debug|Any CPU
		{15220DBE-7909-4DD7-B978-47331E983B2C}.Release|Any CPU.ActiveCfg = Release|Any CPU
		{15220DBE-7909-4DD7-B978-47331E983B2C}.Release|Any CPU.Build.0 = Release|Any CPU
		{E86FCAB2-D029-45E4-AA22-42E2AEA25CCB}.Debug|Any CPU.ActiveCfg = Debug|Any CPU
		{E86FCAB2-D029-45E4-AA22-42E2AEA25CCB}.Debug|Any CPU.Build.0 = Debug|Any CPU
		{E86FCAB2-D029-45E4-AA22-42E2AEA25CCB}.Release|Any CPU.ActiveCfg = Release|Any CPU
		{E86FCAB2-D029-45E4-AA22-42E2AEA25CCB}.Release|Any CPU.Build.0 = Release|Any CPU
	EndGlobalSection
	GlobalSection(SolutionProperties) = preSolution
		HideSolutionNode = FALSE
	EndGlobalSection
	GlobalSection(ExtensibilityGlobals) = postSolution
		SolutionGuid = {A4C936F6-7376-4D15-859F-E4FEBE26A15A}
	EndGlobalSection
EndGlobal
